// !$*UTF8*$!
{
	archiveVersion = 1;
	classes = {
	};
	objectVersion = 46;
	objects = {

/* Begin PBXBuildFile section */
		682418F51F7CBE550028A1B6 /* StarViewController.m in Sources */ = {isa = PBXBuildFile; fileRef = 682418F41F7CBE550028A1B6 /* StarViewController.m */; };
		683D4DDA1F45A982000FEFA7 /* main.m in Sources */ = {isa = PBXBuildFile; fileRef = 683D4DD91F45A982000FEFA7 /* main.m */; };
		683D4DDD1F45A982000FEFA7 /* AppDelegate.m in Sources */ = {isa = PBXBuildFile; fileRef = 683D4DDC1F45A982000FEFA7 /* AppDelegate.m */; };
		683D4DE01F45A982000FEFA7 /* ViewController.m in Sources */ = {isa = PBXBuildFile; fileRef = 683D4DDF1F45A982000FEFA7 /* ViewController.m */; };
		683D4DE31F45A982000FEFA7 /* Main.storyboard in Resources */ = {isa = PBXBuildFile; fileRef = 683D4DE11F45A982000FEFA7 /* Main.storyboard */; };
		683D4DE51F45A982000FEFA7 /* Assets.xcassets in Resources */ = {isa = PBXBuildFile; fileRef = 683D4DE41F45A982000FEFA7 /* Assets.xcassets */; };
		683D4DE81F45A982000FEFA7 /* LaunchScreen.storyboard in Resources */ = {isa = PBXBuildFile; fileRef = 683D4DE61F45A982000FEFA7 /* LaunchScreen.storyboard */; };
		684117EA1F5FACAC00B0D155 /* EtiquetteInfoController.m in Sources */ = {isa = PBXBuildFile; fileRef = 684117E91F5FACAC00B0D155 /* EtiquetteInfoController.m */; };
		684117F21F6065B900B0D155 /* SearchView.m in Sources */ = {isa = PBXBuildFile; fileRef = 684117F11F6065B900B0D155 /* SearchView.m */; };
		684117F61F615FF900B0D155 /* Network.m in Sources */ = {isa = PBXBuildFile; fileRef = 684117F51F615FF900B0D155 /* Network.m */; };
		686040461F78A08E005E1B38 /* LocalData.m in Sources */ = {isa = PBXBuildFile; fileRef = 686040451F78A08E005E1B38 /* LocalData.m */; };
		688A7A831F5C640600BC7498 /* SearchTableViewCell.m in Sources */ = {isa = PBXBuildFile; fileRef = 688A7A821F5C640600BC7498 /* SearchTableViewCell.m */; };
		68B7A6011F47328200264318 /* HomeViewController.m in Sources */ = {isa = PBXBuildFile; fileRef = 68B7A6001F47328200264318 /* HomeViewController.m */; };
		68B7A6051F47373D00264318 /* Tool.m in Sources */ = {isa = PBXBuildFile; fileRef = 68B7A6041F47373D00264318 /* Tool.m */; };
		68D57E851F4835B40085ED38 /* HomeTableViewCell.m in Sources */ = {isa = PBXBuildFile; fileRef = 68D57E841F4835B40085ED38 /* HomeTableViewCell.m */; };
		68EC0D8E1F557EF000C11467 /* BaseTabController.m in Sources */ = {isa = PBXBuildFile; fileRef = 68EC0D8D1F557EF000C11467 /* BaseTabController.m */; };
		68EC0D921F55ACF500C11467 /* UserInfoController.m in Sources */ = {isa = PBXBuildFile; fileRef = 68EC0D911F55ACF500C11467 /* UserInfoController.m */; };
		B99AE4E426A0CE94BC43E7DB /* libPods-国际礼仪应对系统.a in Frameworks */ = {isa = PBXBuildFile; fileRef = 2870E0140A8EF952AF7C3A60 /* libPods-国际礼仪应对系统.a */; };
/* End PBXBuildFile section */

/* Begin PBXFileReference section */
		04BEBEC9A7A94B80F82AD4B8 /* Pods-国际礼仪应对系统.release.xcconfig */ = {isa = PBXFileReference; includeInIndex = 1; lastKnownFileType = text.xcconfig; name = "Pods-国际礼仪应对系统.release.xcconfig"; path = "Pods/Target Support Files/Pods-国际礼仪应对系统/Pods-国际礼仪应对系统.release.xcconfig"; sourceTree = "<group>"; };
		1B736AE9ACBF0D2575ABC6A1 /* Pods-国际礼仪应对系统.debug.xcconfig */ = {isa = PBXFileReference; includeInIndex = 1; lastKnownFileType = text.xcconfig; name = "Pods-国际礼仪应对系统.debug.xcconfig"; path = "Pods/Target Support Files/Pods-国际礼仪应对系统/Pods-国际礼仪应对系统.debug.xcconfig"; sourceTree = "<group>"; };
		2870E0140A8EF952AF7C3A60 /* libPods-国际礼仪应对系统.a */ = {isa = PBXFileReference; explicitFileType = archive.ar; includeInIndex = 0; path = "libPods-国际礼仪应对系统.a"; sourceTree = BUILT_PRODUCTS_DIR; };
		682418F31F7CBE550028A1B6 /* StarViewController.h */ = {isa = PBXFileReference; lastKnownFileType = sourcecode.c.h; path = StarViewController.h; sourceTree = "<group>"; };
		682418F41F7CBE550028A1B6 /* StarViewController.m */ = {isa = PBXFileReference; lastKnownFileType = sourcecode.c.objc; path = StarViewController.m; sourceTree = "<group>"; };
		683D4DD91F45A982000FEFA7 /* main.m */ = {isa = PBXFileReference; lastKnownFileType = sourcecode.c.objc; path = main.m; sourceTree = "<group>"; };
		683D4DDB1F45A982000FEFA7 /* AppDelegate.h */ = {isa = PBXFileReference; lastKnownFileType = sourcecode.c.h; path = AppDelegate.h; sourceTree = "<group>"; };
		683D4DDC1F45A982000FEFA7 /* AppDelegate.m */ = {isa = PBXFileReference; lastKnownFileType = sourcecode.c.objc; path = AppDelegate.m; sourceTree = "<group>"; };
		683D4DDE1F45A982000FEFA7 /* ViewController.h */ = {isa = PBXFileReference; lastKnownFileType = sourcecode.c.h; path = ViewController.h; sourceTree = "<group>"; };
		683D4DDF1F45A982000FEFA7 /* ViewController.m */ = {isa = PBXFileReference; lastKnownFileType = sourcecode.c.objc; path = ViewController.m; sourceTree = "<group>"; };
		683D4DE21F45A982000FEFA7 /* Base */ = {isa = PBXFileReference; lastKnownFileType = file.storyboard; name = Base; path = Base.lproj/Main.storyboard; sourceTree = "<group>"; };
		683D4DE41F45A982000FEFA7 /* Assets.xcassets */ = {isa = PBXFileReference; lastKnownFileType = folder.assetcatalog; path = Assets.xcassets; sourceTree = "<group>"; };
		683D4DE71F45A982000FEFA7 /* Base */ = {isa = PBXFileReference; lastKnownFileType = file.storyboard; name = Base; path = Base.lproj/LaunchScreen.storyboard; sourceTree = "<group>"; };
		683D4DE91F45A982000FEFA7 /* Info.plist */ = {isa = PBXFileReference; lastKnownFileType = text.plist.xml; path = Info.plist; sourceTree = "<group>"; };
		684117E81F5FACAC00B0D155 /* EtiquetteInfoController.h */ = {isa = PBXFileReference; fileEncoding = 4; lastKnownFileType = sourcecode.c.h; path = EtiquetteInfoController.h; sourceTree = "<group>"; };
		684117E91F5FACAC00B0D155 /* EtiquetteInfoController.m */ = {isa = PBXFileReference; fileEncoding = 4; lastKnownFileType = sourcecode.c.objc; path = EtiquetteInfoController.m; sourceTree = "<group>"; };
		684117F01F6065B900B0D155 /* SearchView.h */ = {isa = PBXFileReference; fileEncoding = 4; lastKnownFileType = sourcecode.c.h; path = SearchView.h; sourceTree = "<group>"; };
		684117F11F6065B900B0D155 /* SearchView.m */ = {isa = PBXFileReference; fileEncoding = 4; lastKnownFileType = sourcecode.c.objc; path = SearchView.m; sourceTree = "<group>"; };
		684117F41F615FF900B0D155 /* Network.h */ = {isa = PBXFileReference; fileEncoding = 4; lastKnownFileType = sourcecode.c.h; path = Network.h; sourceTree = "<group>"; };
		684117F51F615FF900B0D155 /* Network.m */ = {isa = PBXFileReference; fileEncoding = 4; lastKnownFileType = sourcecode.c.objc; path = Network.m; sourceTree = "<group>"; };
		686040441F78A08E005E1B38 /* LocalData.h */ = {isa = PBXFileReference; lastKnownFileType = sourcecode.c.h; path = LocalData.h; sourceTree = "<group>"; };
		686040451F78A08E005E1B38 /* LocalData.m */ = {isa = PBXFileReference; lastKnownFileType = sourcecode.c.objc; path = LocalData.m; sourceTree = "<group>"; };
		688A7A811F5C640600BC7498 /* SearchTableViewCell.h */ = {isa = PBXFileReference; fileEncoding = 4; lastKnownFileType = sourcecode.c.h; path = SearchTableViewCell.h; sourceTree = "<group>"; };
		688A7A821F5C640600BC7498 /* SearchTableViewCell.m */ = {isa = PBXFileReference; fileEncoding = 4; lastKnownFileType = sourcecode.c.objc; path = SearchTableViewCell.m; sourceTree = "<group>"; };
		68B7A5FF1F47328200264318 /* HomeViewController.h */ = {isa = PBXFileReference; fileEncoding = 4; lastKnownFileType = sourcecode.c.h; path = HomeViewController.h; sourceTree = "<group>"; };
		68B7A6001F47328200264318 /* HomeViewController.m */ = {isa = PBXFileReference; fileEncoding = 4; lastKnownFileType = sourcecode.c.objc; path = HomeViewController.m; sourceTree = "<group>"; };
		68B7A6031F47373D00264318 /* Tool.h */ = {isa = PBXFileReference; fileEncoding = 4; lastKnownFileType = sourcecode.c.h; path = Tool.h; sourceTree = "<group>"; };
		68B7A6041F47373D00264318 /* Tool.m */ = {isa = PBXFileReference; fileEncoding = 4; lastKnownFileType = sourcecode.c.objc; path = Tool.m; sourceTree = "<group>"; };
		68D57E831F4835B40085ED38 /* HomeTableViewCell.h */ = {isa = PBXFileReference; fileEncoding = 4; lastKnownFileType = sourcecode.c.h; path = HomeTableViewCell.h; sourceTree = "<group>"; };
		68D57E841F4835B40085ED38 /* HomeTableViewCell.m */ = {isa = PBXFileReference; fileEncoding = 4; lastKnownFileType = sourcecode.c.objc; path = HomeTableViewCell.m; sourceTree = "<group>"; };
		68EC0D871F557E1100C11467 /* 国际礼仪应对系统.app */ = {isa = PBXFileReference; explicitFileType = wrapper.application; includeInIndex = 0; path = "国际礼仪应对系统.app"; sourceTree = BUILT_PRODUCTS_DIR; };
		68EC0D8C1F557EF000C11467 /* BaseTabController.h */ = {isa = PBXFileReference; fileEncoding = 4; lastKnownFileType = sourcecode.c.h; path = BaseTabController.h; sourceTree = "<group>"; };
		68EC0D8D1F557EF000C11467 /* BaseTabController.m */ = {isa = PBXFileReference; fileEncoding = 4; lastKnownFileType = sourcecode.c.objc; path = BaseTabController.m; sourceTree = "<group>"; };
		68EC0D901F55ACF500C11467 /* UserInfoController.h */ = {isa = PBXFileReference; fileEncoding = 4; lastKnownFileType = sourcecode.c.h; path = UserInfoController.h; sourceTree = "<group>"; };
		68EC0D911F55ACF500C11467 /* UserInfoController.m */ = {isa = PBXFileReference; fileEncoding = 4; lastKnownFileType = sourcecode.c.objc; path = UserInfoController.m; sourceTree = "<group>"; };
/* End PBXFileReference section */

/* Begin PBXFrameworksBuildPhase section */
		683D4DD21F45A982000FEFA7 /* Frameworks */ = {
			isa = PBXFrameworksBuildPhase;
			buildActionMask = 2147483647;
			files = (
				B99AE4E426A0CE94BC43E7DB /* libPods-国际礼仪应对系统.a in Frameworks */,
			);
			runOnlyForDeploymentPostprocessing = 0;
		};
/* End PBXFrameworksBuildPhase section */

/* Begin PBXGroup section */
		682418F01F7CBB350028A1B6 /* StarViewController */ = {
			isa = PBXGroup;
			children = (
				682418F31F7CBE550028A1B6 /* StarViewController.h */,
				682418F41F7CBE550028A1B6 /* StarViewController.m */,
			);
			path = StarViewController;
			sourceTree = "<group>";
		};
		683D4DCC1F45A982000FEFA7 = {
			isa = PBXGroup;
			children = (
				68B7A6021F47372900264318 /* Tool */,
				68B7A5FB1F47324200264318 /* Controller */,
				68B7A5FC1F47324200264318 /* Model */,
				68B7A5FD1F47324200264318 /* View */,
				683D4DD71F45A982000FEFA7 /* InternationalEtiquette */,
				AB4649431857811FB016119E /* Pods */,
				B8D4126A5E11B771F8533BFF /* Frameworks */,
				68EC0D871F557E1100C11467 /* 国际礼仪应对系统.app */,
			);
			sourceTree = "<group>";
		};
		683D4DD71F45A982000FEFA7 /* InternationalEtiquette */ = {
			isa = PBXGroup;
			children = (
				683D4DDB1F45A982000FEFA7 /* AppDelegate.h */,
				683D4DDC1F45A982000FEFA7 /* AppDelegate.m */,
				683D4DDE1F45A982000FEFA7 /* ViewController.h */,
				683D4DDF1F45A982000FEFA7 /* ViewController.m */,
				683D4DE11F45A982000FEFA7 /* Main.storyboard */,
				683D4DE41F45A982000FEFA7 /* Assets.xcassets */,
				683D4DE61F45A982000FEFA7 /* LaunchScreen.storyboard */,
				683D4DE91F45A982000FEFA7 /* Info.plist */,
				683D4DD81F45A982000FEFA7 /* Supporting Files */,
			);
			path = InternationalEtiquette;
			sourceTree = "<group>";
		};
		683D4DD81F45A982000FEFA7 /* Supporting Files */ = {
			isa = PBXGroup;
			children = (
				683D4DD91F45A982000FEFA7 /* main.m */,
			);
			name = "Supporting Files";
			sourceTree = "<group>";
		};
		684117E71F5FAC9B00B0D155 /* EtiquetteInfoController */ = {
			isa = PBXGroup;
			children = (
				684117E81F5FACAC00B0D155 /* EtiquetteInfoController.h */,
				684117E91F5FACAC00B0D155 /* EtiquetteInfoController.m */,
			);
			path = EtiquetteInfoController;
			sourceTree = "<group>";
		};
		684117EF1F6065B900B0D155 /* SearchController */ = {
			isa = PBXGroup;
			children = (
				684117F01F6065B900B0D155 /* SearchView.h */,
				684117F11F6065B900B0D155 /* SearchView.m */,
			);
			path = SearchController;
			sourceTree = "<group>";
		};
		684117F31F615FEC00B0D155 /* Network */ = {
			isa = PBXGroup;
			children = (
				684117F41F615FF900B0D155 /* Network.h */,
				684117F51F615FF900B0D155 /* Network.m */,
			);
			path = Network;
			sourceTree = "<group>";
		};
		686040431F78A084005E1B38 /* LocalData */ = {
			isa = PBXGroup;
			children = (
				686040441F78A08E005E1B38 /* LocalData.h */,
				686040451F78A08E005E1B38 /* LocalData.m */,
			);
			path = LocalData;
			sourceTree = "<group>";
		};
		688A7A801F5C63ED00BC7498 /* SearchTableViewCell */ = {
			isa = PBXGroup;
			children = (
				688A7A811F5C640600BC7498 /* SearchTableViewCell.h */,
				688A7A821F5C640600BC7498 /* SearchTableViewCell.m */,
			);
			path = SearchTableViewCell;
			sourceTree = "<group>";
		};
		68B7A5FB1F47324200264318 /* Controller */ = {
			isa = PBXGroup;
			children = (
				682418F01F7CBB350028A1B6 /* StarViewController */,
				684117EF1F6065B900B0D155 /* SearchController */,
				684117E71F5FAC9B00B0D155 /* EtiquetteInfoController */,
				68EC0D8F1F55ACE600C11467 /* UserInfoController */,
				68EC0D881F557E3100C11467 /* BaseTabController */,
				68B7A5FE1F47326E00264318 /* HomeViewController */,
			);
			path = Controller;
			sourceTree = "<group>";
		};
		68B7A5FC1F47324200264318 /* Model */ = {
			isa = PBXGroup;
			children = (
				686040431F78A084005E1B38 /* LocalData */,
				684117F31F615FEC00B0D155 /* Network */,
			);
			path = Model;
			sourceTree = "<group>";
		};
		68B7A5FD1F47324200264318 /* View */ = {
			isa = PBXGroup;
			children = (
				688A7A801F5C63ED00BC7498 /* SearchTableViewCell */,
				68D57E821F4835A20085ED38 /* HomeTableViewCell */,
			);
			path = View;
			sourceTree = "<group>";
		};
		68B7A5FE1F47326E00264318 /* HomeViewController */ = {
			isa = PBXGroup;
			children = (
				68B7A5FF1F47328200264318 /* HomeViewController.h */,
				68B7A6001F47328200264318 /* HomeViewController.m */,
			);
			path = HomeViewController;
			sourceTree = "<group>";
		};
		68B7A6021F47372900264318 /* Tool */ = {
			isa = PBXGroup;
			children = (
				68B7A6031F47373D00264318 /* Tool.h */,
				68B7A6041F47373D00264318 /* Tool.m */,
			);
			path = Tool;
			sourceTree = "<group>";
		};
		68D57E821F4835A20085ED38 /* HomeTableViewCell */ = {
			isa = PBXGroup;
			children = (
				68D57E831F4835B40085ED38 /* HomeTableViewCell.h */,
				68D57E841F4835B40085ED38 /* HomeTableViewCell.m */,
			);
			path = HomeTableViewCell;
			sourceTree = "<group>";
		};
		68EC0D881F557E3100C11467 /* BaseTabController */ = {
			isa = PBXGroup;
			children = (
				68EC0D8C1F557EF000C11467 /* BaseTabController.h */,
				68EC0D8D1F557EF000C11467 /* BaseTabController.m */,
			);
			path = BaseTabController;
			sourceTree = "<group>";
		};
		68EC0D8F1F55ACE600C11467 /* UserInfoController */ = {
			isa = PBXGroup;
			children = (
				68EC0D901F55ACF500C11467 /* UserInfoController.h */,
				68EC0D911F55ACF500C11467 /* UserInfoController.m */,
			);
			path = UserInfoController;
			sourceTree = "<group>";
		};
		AB4649431857811FB016119E /* Pods */ = {
			isa = PBXGroup;
			children = (
				1B736AE9ACBF0D2575ABC6A1 /* Pods-国际礼仪应对系统.debug.xcconfig */,
				04BEBEC9A7A94B80F82AD4B8 /* Pods-国际礼仪应对系统.release.xcconfig */,
			);
			name = Pods;
			sourceTree = "<group>";
		};
		B8D4126A5E11B771F8533BFF /* Frameworks */ = {
			isa = PBXGroup;
			children = (
				2870E0140A8EF952AF7C3A60 /* libPods-国际礼仪应对系统.a */,
			);
			name = Frameworks;
			sourceTree = "<group>";
		};
/* End PBXGroup section */

/* Begin PBXNativeTarget section */
		683D4DD41F45A982000FEFA7 /* 国际礼仪应对系统 */ = {
			isa = PBXNativeTarget;
			buildConfigurationList = 683D4DEC1F45A982000FEFA7 /* Build configuration list for PBXNativeTarget "国际礼仪应对系统" */;
			buildPhases = (
				6141225815ED29CD91FA40BD /* [CP] Check Pods Manifest.lock */,
				683D4DD11F45A982000FEFA7 /* Sources */,
				683D4DD21F45A982000FEFA7 /* Frameworks */,
				683D4DD31F45A982000FEFA7 /* Resources */,
				6E63EF6EE14E7928E0A66A18 /* [CP] Embed Pods Frameworks */,
				30684BEC720033C8663EAD35 /* [CP] Copy Pods Resources */,
			);
			buildRules = (
			);
			dependencies = (
			);
			name = "国际礼仪应对系统";
			productName = InternationalEtiquette;
			productReference = 68EC0D871F557E1100C11467 /* 国际礼仪应对系统.app */;
			productType = "com.apple.product-type.application";
		};
/* End PBXNativeTarget section */

/* Begin PBXProject section */
		683D4DCD1F45A982000FEFA7 /* Project object */ = {
			isa = PBXProject;
			attributes = {
				LastUpgradeCheck = 0900;
				ORGANIZATIONNAME = "孤岛";
				TargetAttributes = {
					683D4DD41F45A982000FEFA7 = {
						CreatedOnToolsVersion = 8.3.3;
						DevelopmentTeam = DQ9GH826P4;
						ProvisioningStyle = Automatic;
					};
				};
			};
			buildConfigurationList = 683D4DD01F45A982000FEFA7 /* Build configuration list for PBXProject "国际礼仪应对系统" */;
			compatibilityVersion = "Xcode 3.2";
			developmentRegion = English;
			hasScannedForEncodings = 0;
			knownRegions = (
				en,
				Base,
			);
			mainGroup = 683D4DCC1F45A982000FEFA7;
			productRefGroup = 683D4DCC1F45A982000FEFA7;
			projectDirPath = "";
			projectRoot = "";
			targets = (
				683D4DD41F45A982000FEFA7 /* 国际礼仪应对系统 */,
			);
		};
/* End PBXProject section */

/* Begin PBXResourcesBuildPhase section */
		683D4DD31F45A982000FEFA7 /* Resources */ = {
			isa = PBXResourcesBuildPhase;
			buildActionMask = 2147483647;
			files = (
				683D4DE81F45A982000FEFA7 /* LaunchScreen.storyboard in Resources */,
				683D4DE51F45A982000FEFA7 /* Assets.xcassets in Resources */,
				683D4DE31F45A982000FEFA7 /* Main.storyboard in Resources */,
			);
			runOnlyForDeploymentPostprocessing = 0;
		};
/* End PBXResourcesBuildPhase section */

/* Begin PBXShellScriptBuildPhase section */
		30684BEC720033C8663EAD35 /* [CP] Copy Pods Resources */ = {
			isa = PBXShellScriptBuildPhase;
			buildActionMask = 2147483647;
			files = (
			);
			inputPaths = (
			);
			name = "[CP] Copy Pods Resources";
			outputPaths = (
			);
			runOnlyForDeploymentPostprocessing = 0;
			shellPath = /bin/sh;
			shellScript = "\"${SRCROOT}/Pods/Target Support Files/Pods-国际礼仪应对系统/Pods-国际礼仪应对系统-resources.sh\"\n";
			showEnvVarsInLog = 0;
		};
		6141225815ED29CD91FA40BD /* [CP] Check Pods Manifest.lock */ = {
			isa = PBXShellScriptBuildPhase;
			buildActionMask = 2147483647;
			files = (
			);
			inputPaths = (
			);
			name = "[CP] Check Pods Manifest.lock";
			outputPaths = (
			);
			runOnlyForDeploymentPostprocessing = 0;
			shellPath = /bin/sh;
			shellScript = "diff \"${PODS_PODFILE_DIR_PATH}/Podfile.lock\" \"${PODS_ROOT}/Manifest.lock\" > /dev/null\nif [ $? != 0 ] ; then\n    # print error to STDERR\n    echo \"error: The sandbox is not in sync with the Podfile.lock. Run 'pod install' or update your CocoaPods installation.\" >&2\n    exit 1\nfi\n";
			showEnvVarsInLog = 0;
		};
		6E63EF6EE14E7928E0A66A18 /* [CP] Embed Pods Frameworks */ = {
			isa = PBXShellScriptBuildPhase;
			buildActionMask = 2147483647;
			files = (
			);
			inputPaths = (
			);
			name = "[CP] Embed Pods Frameworks";
			outputPaths = (
			);
			runOnlyForDeploymentPostprocessing = 0;
			shellPath = /bin/sh;
			shellScript = "\"${SRCROOT}/Pods/Target Support Files/Pods-国际礼仪应对系统/Pods-国际礼仪应对系统-frameworks.sh\"\n";
			showEnvVarsInLog = 0;
		};
/* End PBXShellScriptBuildPhase section */

/* Begin PBXSourcesBuildPhase section */
		683D4DD11F45A982000FEFA7 /* Sources */ = {
			isa = PBXSourcesBuildPhase;
			buildActionMask = 2147483647;
			files = (
				684117F21F6065B900B0D155 /* SearchView.m in Sources */,
				68B7A6051F47373D00264318 /* Tool.m in Sources */,
				682418F51F7CBE550028A1B6 /* StarViewController.m in Sources */,
				683D4DE01F45A982000FEFA7 /* ViewController.m in Sources */,
				68D57E851F4835B40085ED38 /* HomeTableViewCell.m in Sources */,
				68EC0D8E1F557EF000C11467 /* BaseTabController.m in Sources */,
				684117EA1F5FACAC00B0D155 /* EtiquetteInfoController.m in Sources */,
				68EC0D921F55ACF500C11467 /* UserInfoController.m in Sources */,
				683D4DDD1F45A982000FEFA7 /* AppDelegate.m in Sources */,
				683D4DDA1F45A982000FEFA7 /* main.m in Sources */,
				686040461F78A08E005E1B38 /* LocalData.m in Sources */,
				68B7A6011F47328200264318 /* HomeViewController.m in Sources */,
				684117F61F615FF900B0D155 /* Network.m in Sources */,
				688A7A831F5C640600BC7498 /* SearchTableViewCell.m in Sources */,
			);
			runOnlyForDeploymentPostprocessing = 0;
		};
/* End PBXSourcesBuildPhase section */

/* Begin PBXVariantGroup section */
		683D4DE11F45A982000FEFA7 /* Main.storyboard */ = {
			isa = PBXVariantGroup;
			children = (
				683D4DE21F45A982000FEFA7 /* Base */,
			);
			name = Main.storyboard;
			sourceTree = "<group>";
		};
		683D4DE61F45A982000FEFA7 /* LaunchScreen.storyboard */ = {
			isa = PBXVariantGroup;
			children = (
				683D4DE71F45A982000FEFA7 /* Base */,
			);
			name = LaunchScreen.storyboard;
			sourceTree = "<group>";
		};
/* End PBXVariantGroup section */

/* Begin XCBuildConfiguration section */
		683D4DEA1F45A982000FEFA7 /* Debug */ = {
			isa = XCBuildConfiguration;
			buildSettings = {
				ALWAYS_SEARCH_USER_PATHS = NO;
				CLANG_ANALYZER_NONNULL = YES;
				CLANG_ANALYZER_NUMBER_OBJECT_CONVERSION = YES_AGGRESSIVE;
				CLANG_CXX_LANGUAGE_STANDARD = "gnu++0x";
				CLANG_CXX_LIBRARY = "libc++";
				CLANG_ENABLE_MODULES = YES;
				CLANG_ENABLE_OBJC_ARC = YES;
				CLANG_WARN_BLOCK_CAPTURE_AUTORELEASING = YES;
				CLANG_WARN_BOOL_CONVERSION = YES;
				CLANG_WARN_COMMA = YES;
				CLANG_WARN_CONSTANT_CONVERSION = YES;
				CLANG_WARN_DIRECT_OBJC_ISA_USAGE = YES_ERROR;
				CLANG_WARN_DOCUMENTATION_COMMENTS = YES;
				CLANG_WARN_EMPTY_BODY = YES;
				CLANG_WARN_ENUM_CONVERSION = YES;
				CLANG_WARN_INFINITE_RECURSION = YES;
				CLANG_WARN_INT_CONVERSION = YES;
				CLANG_WARN_NON_LITERAL_NULL_CONVERSION = YES;
				CLANG_WARN_OBJC_LITERAL_CONVERSION = YES;
				CLANG_WARN_OBJC_ROOT_CLASS = YES_ERROR;
				CLANG_WARN_RANGE_LOOP_ANALYSIS = YES;
				CLANG_WARN_STRICT_PROTOTYPES = YES;
				CLANG_WARN_SUSPICIOUS_MOVE = YES;
				CLANG_WARN_UNREACHABLE_CODE = YES;
				CLANG_WARN__DUPLICATE_METHOD_MATCH = YES;
				"CODE_SIGN_IDENTITY[sdk=iphoneos*]" = "iPhone Developer";
				COPY_PHASE_STRIP = NO;
				DEBUG_INFORMATION_FORMAT = dwarf;
				ENABLE_STRICT_OBJC_MSGSEND = YES;
				ENABLE_TESTABILITY = YES;
				GCC_C_LANGUAGE_STANDARD = gnu99;
				GCC_DYNAMIC_NO_PIC = NO;
				GCC_NO_COMMON_BLOCKS = YES;
				GCC_OPTIMIZATION_LEVEL = 0;
				GCC_PREPROCESSOR_DEFINITIONS = (
					"DEBUG=1",
					"$(inherited)",
				);
				GCC_WARN_64_TO_32_BIT_CONVERSION = YES;
				GCC_WARN_ABOUT_RETURN_TYPE = YES_ERROR;
				GCC_WARN_UNDECLARED_SELECTOR = YES;
				GCC_WARN_UNINITIALIZED_AUTOS = YES_AGGRESSIVE;
				GCC_WARN_UNUSED_FUNCTION = YES;
				GCC_WARN_UNUSED_VARIABLE = YES;
				IPHONEOS_DEPLOYMENT_TARGET = 10.3;
				MTL_ENABLE_DEBUG_INFO = YES;
				ONLY_ACTIVE_ARCH = YES;
				SDKROOT = iphoneos;
			};
			name = Debug;
		};
		683D4DEB1F45A982000FEFA7 /* Release */ = {
			isa = XCBuildConfiguration;
			buildSettings = {
				ALWAYS_SEARCH_USER_PATHS = NO;
				CLANG_ANALYZER_NONNULL = YES;
				CLANG_ANALYZER_NUMBER_OBJECT_CONVERSION = YES_AGGRESSIVE;
				CLANG_CXX_LANGUAGE_STANDARD = "gnu++0x";
				CLANG_CXX_LIBRARY = "libc++";
				CLANG_ENABLE_MODULES = YES;
				CLANG_ENABLE_OBJC_ARC = YES;
				CLANG_WARN_BLOCK_CAPTURE_AUTORELEASING = YES;
				CLANG_WARN_BOOL_CONVERSION = YES;
				CLANG_WARN_COMMA = YES;
				CLANG_WARN_CONSTANT_CONVERSION = YES;
				CLANG_WARN_DIRECT_OBJC_ISA_USAGE = YES_ERROR;
				CLANG_WARN_DOCUMENTATION_COMMENTS = YES;
				CLANG_WARN_EMPTY_BODY = YES;
				CLANG_WARN_ENUM_CONVERSION = YES;
				CLANG_WARN_INFINITE_RECURSION = YES;
				CLANG_WARN_INT_CONVERSION = YES;
				CLANG_WARN_NON_LITERAL_NULL_CONVERSION = YES;
				CLANG_WARN_OBJC_LITERAL_CONVERSION = YES;
				CLANG_WARN_OBJC_ROOT_CLASS = YES_ERROR;
				CLANG_WARN_RANGE_LOOP_ANALYSIS = YES;
				CLANG_WARN_STRICT_PROTOTYPES = YES;
				CLANG_WARN_SUSPICIOUS_MOVE = YES;
				CLANG_WARN_UNREACHABLE_CODE = YES;
				CLANG_WARN__DUPLICATE_METHOD_MATCH = YES;
				"CODE_SIGN_IDENTITY[sdk=iphoneos*]" = "iPhone Developer";
				COPY_PHASE_STRIP = NO;
				DEBUG_INFORMATION_FORMAT = "dwarf-with-dsym";
				ENABLE_NS_ASSERTIONS = NO;
				ENABLE_STRICT_OBJC_MSGSEND = YES;
				GCC_C_LANGUAGE_STANDARD = gnu99;
				GCC_NO_COMMON_BLOCKS = YES;
				GCC_WARN_64_TO_32_BIT_CONVERSION = YES;
				GCC_WARN_ABOUT_RETURN_TYPE = YES_ERROR;
				GCC_WARN_UNDECLARED_SELECTOR = YES;
				GCC_WARN_UNINITIALIZED_AUTOS = YES_AGGRESSIVE;
				GCC_WARN_UNUSED_FUNCTION = YES;
				GCC_WARN_UNUSED_VARIABLE = YES;
				IPHONEOS_DEPLOYMENT_TARGET = 10.3;
				MTL_ENABLE_DEBUG_INFO = NO;
				SDKROOT = iphoneos;
				VALIDATE_PRODUCT = YES;
			};
			name = Release;
		};
		683D4DED1F45A982000FEFA7 /* Debug */ = {
			isa = XCBuildConfiguration;
			baseConfigurationReference = 1B736AE9ACBF0D2575ABC6A1 /* Pods-国际礼仪应对系统.debug.xcconfig */;
			buildSettings = {
				ASSETCATALOG_COMPILER_APPICON_NAME = AppIcon;
				ASSETCATALOG_COMPILER_LAUNCHIMAGE_NAME = LaunchImage;
				DEVELOPMENT_TEAM = DQ9GH826P4;
				INFOPLIST_FILE = InternationalEtiquette/Info.plist;
				LD_RUNPATH_SEARCH_PATHS = "$(inherited) @executable_path/Frameworks";
				PRODUCT_BUNDLE_IDENTIFIER = "Young-San.InternationalEtiquette";
				PRODUCT_NAME = "$(TARGET_NAME)";
			};
			name = Debug;
		};
		683D4DEE1F45A982000FEFA7 /* Release */ = {
			isa = XCBuildConfiguration;
			baseConfigurationReference = 04BEBEC9A7A94B80F82AD4B8 /* Pods-国际礼仪应对系统.release.xcconfig */;
			buildSettings = {
				ASSETCATALOG_COMPILER_APPICON_NAME = AppIcon;
				ASSETCATALOG_COMPILER_LAUNCHIMAGE_NAME = LaunchImage;
				DEVELOPMENT_TEAM = DQ9GH826P4;
				INFOPLIST_FILE = InternationalEtiquette/Info.plist;
				LD_RUNPATH_SEARCH_PATHS = "$(inherited) @executable_path/Frameworks";
				PRODUCT_BUNDLE_IDENTIFIER = "Young-San.InternationalEtiquette";
				PRODUCT_NAME = "$(TARGET_NAME)";
			};
			name = Release;
		};
/* End XCBuildConfiguration section */

/* Begin XCConfigurationList section */
		683D4DD01F45A982000FEFA7 /* Build configuration list for PBXProject "国际礼仪应对系统" */ = {
			isa = XCConfigurationList;
			buildConfigurations = (
				683D4DEA1F45A982000FEFA7 /* Debug */,
				683D4DEB1F45A982000FEFA7 /* Release */,
			);
			defaultConfigurationIsVisible = 0;
			defaultConfigurationName = Release;
		};
		683D4DEC1F45A982000FEFA7 /* Build configuration list for PBXNativeTarget "国际礼仪应对系统" */ = {
			isa = XCConfigurationList;
			buildConfigurations = (
				683D4DED1F45A982000FEFA7 /* Debug */,
				683D4DEE1F45A982000FEFA7 /* Release */,
			);
			defaultConfigurationIsVisible = 0;
			defaultConfigurationName = Release;
		};
/* End XCConfigurationList section */
	};
	rootObject = 683D4DCD1F45A982000FEFA7 /* Project object */;
}
